// !$*UTF8*$!
{
	archiveVersion = 1;
	classes = {
	};
	objectVersion = 50;
	objects = {

/* Begin PBXBuildFile section */
		6FFC86A723FE16B000F4386C /* main.swift in Sources */ = {isa = PBXBuildFile; fileRef = 6FFC86A623FE16B000F4386C /* main.swift */; };
		6FFC86B423FE274900F4386C /* inputsOutputsData.swift in Sources */ = {isa = PBXBuildFile; fileRef = 6FFC86B323FE274900F4386C /* inputsOutputsData.swift */; };
		6FFC86B623FE2AF800F4386C /* MainData.swift in Sources */ = {isa = PBXBuildFile; fileRef = 6FFC86B523FE2AF800F4386C /* MainData.swift */; };
		6FFC86B823FE334B00F4386C /* moralPerson.swift in Sources */ = {isa = PBXBuildFile; fileRef = 6FFC86B723FE334B00F4386C /* moralPerson.swift */; };
		B2DA075A2401BEEE00147B37 /* dictionaries.swift in Sources */ = {isa = PBXBuildFile; fileRef = B2DA07592401BEEE00147B37 /* dictionaries.swift */; };
/* End PBXBuildFile section */

/* Begin PBXCopyFilesBuildPhase section */
		6FFC86A123FE16B000F4386C /* CopyFiles */ = {
			isa = PBXCopyFilesBuildPhase;
			buildActionMask = 2147483647;
			dstPath = /usr/share/man/man1/;
			dstSubfolderSpec = 0;
			files = (
			);
			runOnlyForDeploymentPostprocessing = 1;
		};
/* End PBXCopyFilesBuildPhase section */

/* Begin PBXFileReference section */
		6FFC86A323FE16B000F4386C /* SegundaParte */ = {isa = PBXFileReference; explicitFileType = "compiled.mach-o.executable"; includeInIndex = 0; path = SegundaParte; sourceTree = BUILT_PRODUCTS_DIR; };
		6FFC86A623FE16B000F4386C /* main.swift */ = {isa = PBXFileReference; lastKnownFileType = sourcecode.swift; path = main.swift; sourceTree = "<group>"; };
		6FFC86B323FE274900F4386C /* inputsOutputsData.swift */ = {isa = PBXFileReference; lastKnownFileType = sourcecode.swift; path = inputsOutputsData.swift; sourceTree = "<group>"; };
		6FFC86B523FE2AF800F4386C /* MainData.swift */ = {isa = PBXFileReference; lastKnownFileType = sourcecode.swift; path = MainData.swift; sourceTree = "<group>"; };
		6FFC86B723FE334B00F4386C /* moralPerson.swift */ = {isa = PBXFileReference; lastKnownFileType = sourcecode.swift; path = moralPerson.swift; sourceTree = "<group>"; };
		B2DA07592401BEEE00147B37 /* dictionaries.swift */ = {isa = PBXFileReference; lastKnownFileType = sourcecode.swift; path = dictionaries.swift; sourceTree = "<group>"; };
/* End PBXFileReference section */

/* Begin PBXFrameworksBuildPhase section */
		6FFC86A023FE16B000F4386C /* Frameworks */ = {
			isa = PBXFrameworksBuildPhase;
			buildActionMask = 2147483647;
			files = (
			);
			runOnlyForDeploymentPostprocessing = 0;
		};
/* End PBXFrameworksBuildPhase section */

/* Begin PBXGroup section */
		6FFC869A23FE16B000F4386C = {
			isa = PBXGroup;
			children = (
				6FFC86A523FE16B000F4386C /* SegundaParte */,
				6FFC86A423FE16B000F4386C /* Products */,
			);
			sourceTree = "<group>";
		};
		6FFC86A423FE16B000F4386C /* Products */ = {
			isa = PBXGroup;
			children = (
				6FFC86A323FE16B000F4386C /* SegundaParte */,
			);
			name = Products;
			sourceTree = "<group>";
		};
		6FFC86A523FE16B000F4386C /* SegundaParte */ = {
			isa = PBXGroup;
			children = (
				6FFC86A623FE16B000F4386C /* main.swift */,
				6FFC86B323FE274900F4386C /* inputsOutputsData.swift */,
				6FFC86B523FE2AF800F4386C /* MainData.swift */,
				6FFC86B723FE334B00F4386C /* moralPerson.swift */,
				B2DA07592401BEEE00147B37 /* dictionaries.swift */,
			);
			path = SegundaParte;
			sourceTree = "<group>";
		};
/* End PBXGroup section */

/* Begin PBXNativeTarget section */
		6FFC86A223FE16B000F4386C /* SegundaParte */ = {
			isa = PBXNativeTarget;
			buildConfigurationList = 6FFC86AA23FE16B000F4386C /* Build configuration list for PBXNativeTarget "SegundaParte" */;
			buildPhases = (
				6FFC869F23FE16B000F4386C /* Sources */,
				6FFC86A023FE16B000F4386C /* Frameworks */,
				6FFC86A123FE16B000F4386C /* CopyFiles */,
			);
			buildRules = (
			);
			dependencies = (
			);
			name = SegundaParte;
			productName = SegundaParte;
			productReference = 6FFC86A323FE16B000F4386C /* SegundaParte */;
			productType = "com.apple.product-type.tool";
		};
/* End PBXNativeTarget section */

/* Begin PBXProject section */
		6FFC869B23FE16B000F4386C /* Project object */ = {
			isa = PBXProject;
			attributes = {
				LastSwiftUpdateCheck = 1130;
				LastUpgradeCheck = 1130;
				ORGANIZATIONNAME = daviles;
				TargetAttributes = {
					6FFC86A223FE16B000F4386C = {
						CreatedOnToolsVersion = 11.3.1;
					};
				};
			};
			buildConfigurationList = 6FFC869E23FE16B000F4386C /* Build configuration list for PBXProject "SegundaParte" */;
			compatibilityVersion = "Xcode 9.3";
			developmentRegion = en;
			hasScannedForEncodings = 0;
			knownRegions = (
				en,
				Base,
			);
			mainGroup = 6FFC869A23FE16B000F4386C;
			productRefGroup = 6FFC86A423FE16B000F4386C /* Products */;
			projectDirPath = "";
			projectRoot = "";
			targets = (
				6FFC86A223FE16B000F4386C /* SegundaParte */,
			);
		};
/* End PBXProject section */

/* Begin PBXSourcesBuildPhase section */
		6FFC869F23FE16B000F4386C /* Sources */ = {
			isa = PBXSourcesBuildPhase;
			buildActionMask = 2147483647;
			files = (
				B2DA075A2401BEEE00147B37 /* dictionaries.swift in Sources */,
				6FFC86B623FE2AF800F4386C /* MainData.swift in Sources */,
				6FFC86B423FE274900F4386C /* inputsOutputsData.swift in Sources */,
				6FFC86B823FE334B00F4386C /* moralPerson.swift in Sources */,
				6FFC86A723FE16B000F4386C /* main.swift in Sources */,
			);
			runOnlyForDeploymentPostprocessing = 0;
		};
/* End PBXSourcesBuildPhase section */

/* Begin XCBuildConfiguration section */
		6FFC86A823FE16B000F4386C /* Debug */ = {
			isa = XCBuildConfiguration;
			buildSettings = {
				ALWAYS_SEARCH_USER_PATHS = NO;
				CLANG_ANALYZER_NONNULL = YES;
				CLANG_ANALYZER_NUMBER_OBJECT_CONVERSION = YES_AGGRESSIVE;
				CLANG_CXX_LANGUAGE_STANDARD = "gnu++14";
				CLANG_CXX_LIBRARY = "libc++";
				CLANG_ENABLE_MODULES = YES;
				CLANG_ENABLE_OBJC_ARC = YES;
				CLANG_ENABLE_OBJC_WEAK = YES;
				CLANG_WARN_BLOCK_CAPTURE_AUTORELEASING = YES;
				CLANG_WARN_BOOL_CONVERSION = YES;
				CLANG_WARN_COMMA = YES;
				CLANG_WARN_CONSTANT_CONVERSION = YES;
				CLANG_WARN_DEPRECATED_OBJC_IMPLEMENTATIONS = YES;
				CLANG_WARN_DIRECT_OBJC_ISA_USAGE = YES_ERROR;
				CLANG_WARN_DOCUMENTATION_COMMENTS = YES;
				CLANG_WARN_EMPTY_BODY = YES;
				CLANG_WARN_ENUM_CONVERSION = YES;
				CLANG_WARN_INFINITE_RECURSION = YES;
				CLANG_WARN_INT_CONVERSION = YES;
				CLANG_WARN_NON_LITERAL_NULL_CONVERSION = YES;
				CLANG_WARN_OBJC_IMPLICIT_RETAIN_SELF = YES;
				CLANG_WARN_OBJC_LITERAL_CONVERSION = YES;
				CLANG_WARN_OBJC_ROOT_CLASS = YES_ERROR;
				CLANG_WARN_RANGE_LOOP_ANALYSIS = YES;
				CLANG_WARN_STRICT_PROTOTYPES = YES;
				CLANG_WARN_SUSPICIOUS_MOVE = YES;
				CLANG_WARN_UNGUARDED_AVAILABILITY = YES_AGGRESSIVE;
				CLANG_WARN_UNREACHABLE_CODE = YES;
				CLANG_WARN__DUPLICATE_METHOD_MATCH = YES;
				COPY_PHASE_STRIP = NO;
				DEBUG_INFORMATION_FORMAT = dwarf;
				ENABLE_STRICT_OBJC_MSGSEND = YES;
				ENABLE_TESTABILITY = YES;
				GCC_C_LANGUAGE_STANDARD = gnu11;
				GCC_DYNAMIC_NO_PIC = NO;
				GCC_NO_COMMON_BLOCKS = YES;
				GCC_OPTIMIZATION_LEVEL = 0;
				GCC_PREPROCESSOR_DEFINITIONS = (
					"DEBUG=1",
					"$(inherited)",
				);
				GCC_WARN_64_TO_32_BIT_CONVERSION = YES;
				GCC_WARN_ABOUT_RETURN_TYPE = YES_ERROR;
				GCC_WARN_UNDECLARED_SELECTOR = YES;
				GCC_WARN_UNINITIALIZED_AUTOS = YES_AGGRESSIVE;
				GCC_WARN_UNUSED_FUNCTION = YES;
				GCC_WARN_UNUSED_VARIABLE = YES;
				MACOSX_DEPLOYMENT_TARGET = 10.14;
				MTL_ENABLE_DEBUG_INFO = INCLUDE_SOURCE;
				MTL_FAST_MATH = YES;
				ONLY_ACTIVE_ARCH = YES;
				SDKROOT = macosx;
				SWIFT_ACTIVE_COMPILATION_CONDITIONS = DEBUG;
				SWIFT_OPTIMIZATION_LEVEL = "-Onone";
			};
			name = Debug;
		};
		6FFC86A923FE16B000F4386C /* Release */ = {
			isa = XCBuildConfiguration;
			buildSettings = {
				ALWAYS_SEARCH_USER_PATHS = NO;
				CLANG_ANALYZER_NONNULL = YES;
				CLANG_ANALYZER_NUMBER_OBJECT_CONVERSION = YES_AGGRESSIVE;
				CLANG_CXX_LANGUAGE_STANDARD = "gnu++14";
				CLANG_CXX_LIBRARY = "libc++";
				CLANG_ENABLE_MODULES = YES;
				CLANG_ENABLE_OBJC_ARC = YES;
				CLANG_ENABLE_OBJC_WEAK = YES;
				CLANG_WARN_BLOCK_CAPTURE_AUTORELEASING = YES;
				CLANG_WARN_BOOL_CONVERSION = YES;
				CLANG_WARN_COMMA = YES;
				CLANG_WARN_CONSTANT_CONVERSION = YES;
				CLANG_WARN_DEPRECATED_OBJC_IMPLEMENTATIONS = YES;
				CLANG_WARN_DIRECT_OBJC_ISA_USAGE = YES_ERROR;
				CLANG_WARN_DOCUMENTATION_COMMENTS = YES;
				CLANG_WARN_EMPTY_BODY = YES;
				CLANG_WARN_ENUM_CONVERSION = YES;
				CLANG_WARN_INFINITE_RECURSION = YES;
				CLANG_WARN_INT_CONVERSION = YES;
				CLANG_WARN_NON_LITERAL_NULL_CONVERSION = YES;
				CLANG_WARN_OBJC_IMPLICIT_RETAIN_SELF = YES;
				CLANG_WARN_OBJC_LITERAL_CONVERSION = YES;
				CLANG_WARN_OBJC_ROOT_CLASS = YES_ERROR;
				CLANG_WARN_RANGE_LOOP_ANALYSIS = YES;
				CLANG_WARN_STRICT_PROTOTYPES = YES;
				CLANG_WARN_SUSPICIOUS_MOVE = YES;
				CLANG_WARN_UNGUARDED_AVAILABILITY = YES_AGGRESSIVE;
				CLANG_WARN_UNREACHABLE_CODE = YES;
				CLANG_WARN__DUPLICATE_METHOD_MATCH = YES;
				COPY_PHASE_STRIP = NO;
				DEBUG_INFORMATION_FORMAT = "dwarf-with-dsym";
				ENABLE_NS_ASSERTIONS = NO;
				ENABLE_STRICT_OBJC_MSGSEND = YES;
				GCC_C_LANGUAGE_STANDARD = gnu11;
				GCC_NO_COMMON_BLOCKS = YES;
				GCC_WARN_64_TO_32_BIT_CONVERSION = YES;
				GCC_WARN_ABOUT_RETURN_TYPE = YES_ERROR;
				GCC_WARN_UNDECLARED_SELECTOR = YES;
				GCC_WARN_UNINITIALIZED_AUTOS = YES_AGGRESSIVE;
				GCC_WARN_UNUSED_FUNCTION = YES;
				GCC_WARN_UNUSED_VARIABLE = YES;
				MACOSX_DEPLOYMENT_TARGET = 10.14;
				MTL_ENABLE_DEBUG_INFO = NO;
				MTL_FAST_MATH = YES;
				SDKROOT = macosx;
				SWIFT_COMPILATION_MODE = wholemodule;
				SWIFT_OPTIMIZATION_LEVEL = "-O";
			};
			name = Release;
		};
		6FFC86AB23FE16B000F4386C /* Debug */ = {
			isa = XCBuildConfiguration;
			buildSettings = {
				CODE_SIGN_STYLE = Automatic;
				DEVELOPMENT_TEAM = 3GLDMJUS49;
				ENABLE_HARDENED_RUNTIME = YES;
				PRODUCT_NAME = "$(TARGET_NAME)";
				SWIFT_VERSION = 5.0;
			};
			name = Debug;
		};
		6FFC86AC23FE16B000F4386C /* Release */ = {
			isa = XCBuildConfiguration;
			buildSettings = {
				CODE_SIGN_STYLE = Automatic;
				DEVELOPMENT_TEAM = 3GLDMJUS49;
				ENABLE_HARDENED_RUNTIME = YES;
				PRODUCT_NAME = "$(TARGET_NAME)";
				SWIFT_VERSION = 5.0;
			};
			name = Release;
		};
/* End XCBuildConfiguration section */

/* Begin XCConfigurationList section */
		6FFC869E23FE16B000F4386C /* Build configuration list for PBXProject "SegundaParte" */ = {
			isa = XCConfigurationList;
			buildConfigurations = (
				6FFC86A823FE16B000F4386C /* Debug */,
				6FFC86A923FE16B000F4386C /* Release */,
			);
			defaultConfigurationIsVisible = 0;
			defaultConfigurationName = Release;
		};
		6FFC86AA23FE16B000F4386C /* Build configuration list for PBXNativeTarget "SegundaParte" */ = {
			isa = XCConfigurationList;
			buildConfigurations = (
				6FFC86AB23FE16B000F4386C /* Debug */,
				6FFC86AC23FE16B000F4386C /* Release */,
			);
			defaultConfigurationIsVisible = 0;
			defaultConfigurationName = Release;
		};
/* End XCConfigurationList section */
	};
	rootObject = 6FFC869B23FE16B000F4386C /* Project object */;
}
